
Microsoft Visual Studio Solution File, Format Version 12.00
# Visual Studio Version 17
VisualStudioVersion = 17.2.32519.379
MinimumVisualStudioVersion = 10.0.40219.1
Project("{FAE04EC0-301F-11D3-BF4B-00C04F79EFBC}") = "ui-cefsharp-test", "ui-cefsharp-test\ui-cefsharp-test.csproj", "{D3E01AA8-884E-40BA-84A1-B39AC31E0493}"
EndProject
Global
	GlobalSection(SolutionConfigurationPlatforms) = preSolution
		Debug|Any CPU = Debug|Any CPU
		Release|Any CPU = Release|Any CPU
	EndGlobalSection
	GlobalSection(ProjectConfigurationPlatforms) = postSolution
		{D3E01AA8-884E-40BA-84A1-B39AC31E0493}.Debug|Any CPU.ActiveCfg = Debug|Any CPU
		{D3E01AA8-884E-40BA-84A1-B39AC31E0493}.Debug|Any CPU.Build.0 = Debug|Any CPU
		{D3E01AA8-884E-40BA-84A1-B39AC31E0493}.Release|Any CPU.ActiveCfg = Release|Any CPU
		{D3E01AA8-884E-40BA-84A1-B39AC31E0493}.Release|Any CPU.Build.0 = Release|Any CPU
	EndGlobalSection
	GlobalSection(SolutionProperties) = preSolution
		HideSolutionNode = FALSE
	EndGlobalSection
	GlobalSection(ExtensibilityGlobals) = postSolution
		SolutionGuid = {7C26EAA7-7F79-42EC-AB92-80AD6F764CC4}
	EndGlobalSection
EndGlobal
